
Microsoft Visual Studio Solution File, Format Version 12.00
# Visual Studio 2015
Project("{FAE04EC0-301F-11D3-BF4B-00C04F79EFBC}") = "3D Generated Content.CSharp", "3D Generated Content.CSharp.csproj", "{A1728D25-C90B-6796-5B3F-EF89FA9708BC}"
EndProject
Project("{FAE04EC0-301F-11D3-BF4B-00C04F79EFBC}") = "3D Generated Content.CSharp.Editor", "3D Generated Content.CSharp.Editor.csproj", "{19B63D50-9C14-E6B8-E393-22250B8600D4}"
EndProject
Global
	GlobalSection(SolutionConfigurationPlatforms) = preSolution
		Debug|Any CPU = Debug|Any CPU
		Release|Any CPU = Release|Any CPU
	EndGlobalSection
	GlobalSection(ProjectConfigurationPlatforms) = postSolution
		{A1728D25-C90B-6796-5B3F-EF89FA9708BC}.Debug|Any CPU.ActiveCfg = Debug|Any CPU
		{A1728D25-C90B-6796-5B3F-EF89FA9708BC}.Debug|Any CPU.Build.0 = Debug|Any CPU
		{A1728D25-C90B-6796-5B3F-EF89FA9708BC}.Release|Any CPU.ActiveCfg = Release|Any CPU
		{A1728D25-C90B-6796-5B3F-EF89FA9708BC}.Release|Any CPU.Build.0 = Release|Any CPU
		{19B63D50-9C14-E6B8-E393-22250B8600D4}.Debug|Any CPU.ActiveCfg = Debug|Any CPU
		{19B63D50-9C14-E6B8-E393-22250B8600D4}.Debug|Any CPU.Build.0 = Debug|Any CPU
		{19B63D50-9C14-E6B8-E393-22250B8600D4}.Release|Any CPU.ActiveCfg = Release|Any CPU
		{19B63D50-9C14-E6B8-E393-22250B8600D4}.Release|Any CPU.Build.0 = Release|Any CPU
	EndGlobalSection
	GlobalSection(SolutionProperties) = preSolution
		HideSolutionNode = FALSE
	EndGlobalSection
EndGlobal
